// !$*UTF8*$!
{
	archiveVersion = 1;
	classes = {
	};
	objectVersion = 48;
	objects = {

/* Begin PBXBuildFile section */
		AF2182511FB9357E00E187D4 /* AppDelegate.swift in Sources */ = {isa = PBXBuildFile; fileRef = AF2182501FB9357E00E187D4 /* AppDelegate.swift */; };
		AF2182531FB9357E00E187D4 /* ViewController.swift in Sources */ = {isa = PBXBuildFile; fileRef = AF2182521FB9357E00E187D4 /* ViewController.swift */; };
		AF2182561FB9357E00E187D4 /* Main.storyboard in Resources */ = {isa = PBXBuildFile; fileRef = AF2182541FB9357E00E187D4 /* Main.storyboard */; };
		AF2182581FB9357E00E187D4 /* Assets.xcassets in Resources */ = {isa = PBXBuildFile; fileRef = AF2182571FB9357E00E187D4 /* Assets.xcassets */; };
		AF21825B1FB9357E00E187D4 /* LaunchScreen.storyboard in Resources */ = {isa = PBXBuildFile; fileRef = AF2182591FB9357E00E187D4 /* LaunchScreen.storyboard */; };
		AF2182811FB9371E00E187D4 /* DataMethods.swift in Sources */ = {isa = PBXBuildFile; fileRef = AF2182801FB9371E00E187D4 /* DataMethods.swift */; };
		AF885E7E1FC2666F0045498F /* AccountViewController.swift in Sources */ = {isa = PBXBuildFile; fileRef = AF885E7D1FC2666E0045498F /* AccountViewController.swift */; };
		AF885E8E1FC266EC0045498F /* AppointmentListViewController.swift in Sources */ = {isa = PBXBuildFile; fileRef = AF885E8D1FC266EC0045498F /* AppointmentListViewController.swift */; };
		AF885E901FC266FD0045498F /* AppointmentViewController.swift in Sources */ = {isa = PBXBuildFile; fileRef = AF885E8F1FC266FD0045498F /* AppointmentViewController.swift */; };
		AF885E921FC2670F0045498F /* StoreViewController.swift in Sources */ = {isa = PBXBuildFile; fileRef = AF885E911FC2670F0045498F /* StoreViewController.swift */; };
		AFCD0A7E1FC8EABF0077F883 /* AppTabController.swift in Sources */ = {isa = PBXBuildFile; fileRef = AFCD0A7D1FC8EABF0077F883 /* AppTabController.swift */; };
		AFCD0AAA1FCA22CD0077F883 /* SQLite.framework in Frameworks */ = {isa = PBXBuildFile; fileRef = AF2182F31FB941C900E187D4 /* SQLite.framework */; };
		AFCD0AAB1FCA22CD0077F883 /* SQLite.framework in Embed Frameworks */ = {isa = PBXBuildFile; fileRef = AF2182F31FB941C900E187D4 /* SQLite.framework */; settings = {ATTRIBUTES = (CodeSignOnCopy, RemoveHeadersOnCopy, ); }; };
/* End PBXBuildFile section */

/* Begin PBXContainerItemProxy section */
		AF2182F21FB941C900E187D4 /* PBXContainerItemProxy */ = {
			isa = PBXContainerItemProxy;
			containerPortal = AF2182E81FB941C800E187D4 /* SQLite.xcodeproj */;
			proxyType = 2;
			remoteGlobalIDString = EE247AD31C3F04ED00AE3E12;
			remoteInfo = "SQLite iOS";
		};
		AF2182F41FB941C900E187D4 /* PBXContainerItemProxy */ = {
			isa = PBXContainerItemProxy;
			containerPortal = AF2182E81FB941C800E187D4 /* SQLite.xcodeproj */;
			proxyType = 2;
			remoteGlobalIDString = EE247ADD1C3F04ED00AE3E12;
			remoteInfo = "SQLiteTests iOS";
		};
		AF2182F61FB941C900E187D4 /* PBXContainerItemProxy */ = {
			isa = PBXContainerItemProxy;
			containerPortal = AF2182E81FB941C800E187D4 /* SQLite.xcodeproj */;
			proxyType = 2;
			remoteGlobalIDString = EE247B3C1C3F3ED000AE3E12;
			remoteInfo = "SQLite Mac";
		};
		AF2182F81FB941C900E187D4 /* PBXContainerItemProxy */ = {
			isa = PBXContainerItemProxy;
			containerPortal = AF2182E81FB941C800E187D4 /* SQLite.xcodeproj */;
			proxyType = 2;
			remoteGlobalIDString = EE247B451C3F3ED000AE3E12;
			remoteInfo = "SQLiteTests Mac";
		};
		AF2182FA1FB941C900E187D4 /* PBXContainerItemProxy */ = {
			isa = PBXContainerItemProxy;
			containerPortal = AF2182E81FB941C800E187D4 /* SQLite.xcodeproj */;
			proxyType = 2;
			remoteGlobalIDString = 03A65E5A1C6BB0F50062603F;
			remoteInfo = "SQLite tvOS";
		};
		AF2182FC1FB941C900E187D4 /* PBXContainerItemProxy */ = {
			isa = PBXContainerItemProxy;
			containerPortal = AF2182E81FB941C800E187D4 /* SQLite.xcodeproj */;
			proxyType = 2;
			remoteGlobalIDString = 03A65E631C6BB0F60062603F;
			remoteInfo = "SQLiteTests tvOS";
		};
		AF2182FE1FB941C900E187D4 /* PBXContainerItemProxy */ = {
			isa = PBXContainerItemProxy;
			containerPortal = AF2182E81FB941C800E187D4 /* SQLite.xcodeproj */;
			proxyType = 2;
			remoteGlobalIDString = A121AC451CA35C79005A31D1;
			remoteInfo = "SQLite watchOS";
		};
		AFCD0A9C1FCA22A40077F883 /* PBXContainerItemProxy */ = {
			isa = PBXContainerItemProxy;
			containerPortal = AFCD0A921FCA22A40077F883 /* SQLite.xcodeproj */;
			proxyType = 2;
			remoteGlobalIDString = EE247AD31C3F04ED00AE3E12;
			remoteInfo = "SQLite iOS";
		};
		AFCD0A9E1FCA22A40077F883 /* PBXContainerItemProxy */ = {
			isa = PBXContainerItemProxy;
			containerPortal = AFCD0A921FCA22A40077F883 /* SQLite.xcodeproj */;
			proxyType = 2;
			remoteGlobalIDString = EE247ADD1C3F04ED00AE3E12;
			remoteInfo = "SQLiteTests iOS";
		};
		AFCD0AA01FCA22A40077F883 /* PBXContainerItemProxy */ = {
			isa = PBXContainerItemProxy;
			containerPortal = AFCD0A921FCA22A40077F883 /* SQLite.xcodeproj */;
			proxyType = 2;
			remoteGlobalIDString = EE247B3C1C3F3ED000AE3E12;
			remoteInfo = "SQLite Mac";
		};
		AFCD0AA21FCA22A40077F883 /* PBXContainerItemProxy */ = {
			isa = PBXContainerItemProxy;
			containerPortal = AFCD0A921FCA22A40077F883 /* SQLite.xcodeproj */;
			proxyType = 2;
			remoteGlobalIDString = EE247B451C3F3ED000AE3E12;
			remoteInfo = "SQLiteTests Mac";
		};
		AFCD0AA41FCA22A40077F883 /* PBXContainerItemProxy */ = {
			isa = PBXContainerItemProxy;
			containerPortal = AFCD0A921FCA22A40077F883 /* SQLite.xcodeproj */;
			proxyType = 2;
			remoteGlobalIDString = 03A65E5A1C6BB0F50062603F;
			remoteInfo = "SQLite tvOS";
		};
		AFCD0AA61FCA22A40077F883 /* PBXContainerItemProxy */ = {
			isa = PBXContainerItemProxy;
			containerPortal = AFCD0A921FCA22A40077F883 /* SQLite.xcodeproj */;
			proxyType = 2;
			remoteGlobalIDString = 03A65E631C6BB0F60062603F;
			remoteInfo = "SQLiteTests tvOS";
		};
		AFCD0AA81FCA22A40077F883 /* PBXContainerItemProxy */ = {
			isa = PBXContainerItemProxy;
			containerPortal = AFCD0A921FCA22A40077F883 /* SQLite.xcodeproj */;
			proxyType = 2;
			remoteGlobalIDString = A121AC451CA35C79005A31D1;
			remoteInfo = "SQLite watchOS";
		};
		AFCD0AAC1FCA22CD0077F883 /* PBXContainerItemProxy */ = {
			isa = PBXContainerItemProxy;
			containerPortal = AF2182E81FB941C800E187D4 /* SQLite.xcodeproj */;
			proxyType = 1;
			remoteGlobalIDString = EE247AD21C3F04ED00AE3E12;
			remoteInfo = "SQLite iOS";
		};
/* End PBXContainerItemProxy section */

/* Begin PBXCopyFilesBuildPhase section */
		AFCD0A911FCA22130077F883 /* Embed Frameworks */ = {
			isa = PBXCopyFilesBuildPhase;
			buildActionMask = 2147483647;
			dstPath = "";
			dstSubfolderSpec = 10;
			files = (
				AFCD0AAB1FCA22CD0077F883 /* SQLite.framework in Embed Frameworks */,
			);
			name = "Embed Frameworks";
			runOnlyForDeploymentPostprocessing = 0;
		};
/* End PBXCopyFilesBuildPhase section */

/* Begin PBXFileReference section */
		AF21824D1FB9357E00E187D4 /* CS345AppBackend.app */ = {isa = PBXFileReference; explicitFileType = wrapper.application; includeInIndex = 0; path = CS345AppBackend.app; sourceTree = BUILT_PRODUCTS_DIR; };
		AF2182501FB9357E00E187D4 /* AppDelegate.swift */ = {isa = PBXFileReference; lastKnownFileType = sourcecode.swift; path = AppDelegate.swift; sourceTree = "<group>"; };
		AF2182521FB9357E00E187D4 /* ViewController.swift */ = {isa = PBXFileReference; lastKnownFileType = sourcecode.swift; path = ViewController.swift; sourceTree = "<group>"; };
		AF2182551FB9357E00E187D4 /* Base */ = {isa = PBXFileReference; lastKnownFileType = file.storyboard; name = Base; path = Base.lproj/Main.storyboard; sourceTree = "<group>"; };
		AF2182571FB9357E00E187D4 /* Assets.xcassets */ = {isa = PBXFileReference; lastKnownFileType = folder.assetcatalog; path = Assets.xcassets; sourceTree = "<group>"; };
		AF21825A1FB9357E00E187D4 /* Base */ = {isa = PBXFileReference; lastKnownFileType = file.storyboard; name = Base; path = Base.lproj/LaunchScreen.storyboard; sourceTree = "<group>"; };
		AF21825C1FB9357E00E187D4 /* Info.plist */ = {isa = PBXFileReference; lastKnownFileType = text.plist.xml; path = Info.plist; sourceTree = "<group>"; };
		AF2182801FB9371E00E187D4 /* DataMethods.swift */ = {isa = PBXFileReference; lastKnownFileType = sourcecode.swift; path = DataMethods.swift; sourceTree = "<group>"; };
		AF2182E81FB941C800E187D4 /* SQLite.xcodeproj */ = {isa = PBXFileReference; lastKnownFileType = "wrapper.pb-project"; name = SQLite.xcodeproj; path = "../../../../../Downloads/SQLite.swift-master/SQLite.xcodeproj"; sourceTree = "<group>"; };
		AF885E7D1FC2666E0045498F /* AccountViewController.swift */ = {isa = PBXFileReference; lastKnownFileType = sourcecode.swift; path = AccountViewController.swift; sourceTree = "<group>"; };
		AF885E8D1FC266EC0045498F /* AppointmentListViewController.swift */ = {isa = PBXFileReference; lastKnownFileType = sourcecode.swift; path = AppointmentListViewController.swift; sourceTree = "<group>"; };
		AF885E8F1FC266FD0045498F /* AppointmentViewController.swift */ = {isa = PBXFileReference; lastKnownFileType = sourcecode.swift; path = AppointmentViewController.swift; sourceTree = "<group>"; };
		AF885E911FC2670F0045498F /* StoreViewController.swift */ = {isa = PBXFileReference; lastKnownFileType = sourcecode.swift; path = StoreViewController.swift; sourceTree = "<group>"; };
		AFCD0A7D1FC8EABF0077F883 /* AppTabController.swift */ = {isa = PBXFileReference; lastKnownFileType = sourcecode.swift; path = AppTabController.swift; sourceTree = "<group>"; };
		AFCD0A921FCA22A40077F883 /* SQLite.xcodeproj */ = {isa = PBXFileReference; lastKnownFileType = "wrapper.pb-project"; path = SQLite.xcodeproj; sourceTree = "<group>"; };
/* End PBXFileReference section */

/* Begin PBXFrameworksBuildPhase section */
		AF21824A1FB9357E00E187D4 /* Frameworks */ = {
			isa = PBXFrameworksBuildPhase;
			buildActionMask = 2147483647;
			files = (
				AFCD0AAA1FCA22CD0077F883 /* SQLite.framework in Frameworks */,
			);
			runOnlyForDeploymentPostprocessing = 0;
		};
/* End PBXFrameworksBuildPhase section */

/* Begin PBXGroup section */
		AF2182441FB9357E00E187D4 = {
			isa = PBXGroup;
			children = (
				AF21824F1FB9357E00E187D4 /* CS345AppBackend */,
				AF21824E1FB9357E00E187D4 /* Products */,
				AF2182E81FB941C800E187D4 /* SQLite.xcodeproj */,
				AF2183001FB941D800E187D4 /* Frameworks */,
			);
			sourceTree = "<group>";
		};
		AF21824E1FB9357E00E187D4 /* Products */ = {
			isa = PBXGroup;
			children = (
				AF21824D1FB9357E00E187D4 /* CS345AppBackend.app */,
			);
			name = Products;
			sourceTree = "<group>";
		};
		AF21824F1FB9357E00E187D4 /* CS345AppBackend */ = {
			isa = PBXGroup;
			children = (
				AFCD0A921FCA22A40077F883 /* SQLite.xcodeproj */,
				AF2182501FB9357E00E187D4 /* AppDelegate.swift */,
				AF2182521FB9357E00E187D4 /* ViewController.swift */,
				AF2182541FB9357E00E187D4 /* Main.storyboard */,
				AF2182571FB9357E00E187D4 /* Assets.xcassets */,
				AF2182591FB9357E00E187D4 /* LaunchScreen.storyboard */,
				AF21825C1FB9357E00E187D4 /* Info.plist */,
				AF2182801FB9371E00E187D4 /* DataMethods.swift */,
				AF885E7D1FC2666E0045498F /* AccountViewController.swift */,
				AF885E8D1FC266EC0045498F /* AppointmentListViewController.swift */,
				AF885E8F1FC266FD0045498F /* AppointmentViewController.swift */,
				AF885E911FC2670F0045498F /* StoreViewController.swift */,
				AFCD0A7D1FC8EABF0077F883 /* AppTabController.swift */,
			);
			path = CS345AppBackend;
			sourceTree = "<group>";
		};
		AF2182E91FB941C800E187D4 /* Products */ = {
			isa = PBXGroup;
			children = (
				AF2182F31FB941C900E187D4 /* SQLite.framework */,
				AF2182F51FB941C900E187D4 /* SQLiteTests iOS.xctest */,
				AF2182F71FB941C900E187D4 /* SQLite.framework */,
				AF2182F91FB941C900E187D4 /* SQLiteTests Mac.xctest */,
				AF2182FB1FB941C900E187D4 /* SQLite.framework */,
				AF2182FD1FB941C900E187D4 /* SQLiteTests tvOS.xctest */,
				AF2182FF1FB941C900E187D4 /* SQLite.framework */,
			);
			name = Products;
			sourceTree = "<group>";
		};
		AF2183001FB941D800E187D4 /* Frameworks */ = {
			isa = PBXGroup;
			children = (
			);
			name = Frameworks;
			sourceTree = "<group>";
		};
		AFCD0A931FCA22A40077F883 /* Products */ = {
			isa = PBXGroup;
			children = (
				AFCD0A9D1FCA22A40077F883 /* SQLite.framework */,
				AFCD0A9F1FCA22A40077F883 /* SQLiteTests iOS.xctest */,
				AFCD0AA11FCA22A40077F883 /* SQLite.framework */,
				AFCD0AA31FCA22A40077F883 /* SQLiteTests Mac.xctest */,
				AFCD0AA51FCA22A40077F883 /* SQLite.framework */,
				AFCD0AA71FCA22A40077F883 /* SQLiteTests tvOS.xctest */,
				AFCD0AA91FCA22A40077F883 /* SQLite.framework */,
			);
			name = Products;
			sourceTree = "<group>";
		};
/* End PBXGroup section */

/* Begin PBXNativeTarget section */
		AF21824C1FB9357E00E187D4 /* CS345AppBackend */ = {
			isa = PBXNativeTarget;
			buildConfigurationList = AF21825F1FB9357E00E187D4 /* Build configuration list for PBXNativeTarget "CS345AppBackend" */;
			buildPhases = (
				AF2182491FB9357E00E187D4 /* Sources */,
				AF21824A1FB9357E00E187D4 /* Frameworks */,
				AF21824B1FB9357E00E187D4 /* Resources */,
				AFCD0A911FCA22130077F883 /* Embed Frameworks */,
			);
			buildRules = (
			);
			dependencies = (
				AFCD0AAD1FCA22CD0077F883 /* PBXTargetDependency */,
			);
			name = CS345AppBackend;
			productName = CS345AppBackend;
			productReference = AF21824D1FB9357E00E187D4 /* CS345AppBackend.app */;
			productType = "com.apple.product-type.application";
		};
/* End PBXNativeTarget section */

/* Begin PBXProject section */
		AF2182451FB9357E00E187D4 /* Project object */ = {
			isa = PBXProject;
			attributes = {
				LastSwiftUpdateCheck = 0910;
				LastUpgradeCheck = 0910;
				ORGANIZATIONNAME = "Anderson, Nathan R";
				TargetAttributes = {
					AF21824C1FB9357E00E187D4 = {
						CreatedOnToolsVersion = 9.1;
						ProvisioningStyle = Automatic;
					};
				};
			};
			buildConfigurationList = AF2182481FB9357E00E187D4 /* Build configuration list for PBXProject "CS345AppBackend" */;
			compatibilityVersion = "Xcode 8.0";
			developmentRegion = en;
			hasScannedForEncodings = 0;
			knownRegions = (
				en,
				Base,
			);
			mainGroup = AF2182441FB9357E00E187D4;
			productRefGroup = AF21824E1FB9357E00E187D4 /* Products */;
			projectDirPath = "";
			projectReferences = (
				{
					ProductGroup = AF2182E91FB941C800E187D4 /* Products */;
					ProjectRef = AF2182E81FB941C800E187D4 /* SQLite.xcodeproj */;
				},
				{
					ProductGroup = AFCD0A931FCA22A40077F883 /* Products */;
					ProjectRef = AFCD0A921FCA22A40077F883 /* SQLite.xcodeproj */;
				},
			);
			projectRoot = "";
			targets = (
				AF21824C1FB9357E00E187D4 /* CS345AppBackend */,
			);
		};
/* End PBXProject section */

/* Begin PBXReferenceProxy section */
		AF2182F31FB941C900E187D4 /* SQLite.framework */ = {
			isa = PBXReferenceProxy;
			fileType = wrapper.framework;
			path = SQLite.framework;
			remoteRef = AF2182F21FB941C900E187D4 /* PBXContainerItemProxy */;
			sourceTree = BUILT_PRODUCTS_DIR;
		};
		AF2182F51FB941C900E187D4 /* SQLiteTests iOS.xctest */ = {
			isa = PBXReferenceProxy;
			fileType = wrapper.cfbundle;
			path = "SQLiteTests iOS.xctest";
			remoteRef = AF2182F41FB941C900E187D4 /* PBXContainerItemProxy */;
			sourceTree = BUILT_PRODUCTS_DIR;
		};
		AF2182F71FB941C900E187D4 /* SQLite.framework */ = {
			isa = PBXReferenceProxy;
			fileType = wrapper.framework;
			path = SQLite.framework;
			remoteRef = AF2182F61FB941C900E187D4 /* PBXContainerItemProxy */;
			sourceTree = BUILT_PRODUCTS_DIR;
		};
		AF2182F91FB941C900E187D4 /* SQLiteTests Mac.xctest */ = {
			isa = PBXReferenceProxy;
			fileType = wrapper.cfbundle;
			path = "SQLiteTests Mac.xctest";
			remoteRef = AF2182F81FB941C900E187D4 /* PBXContainerItemProxy */;
			sourceTree = BUILT_PRODUCTS_DIR;
		};
		AF2182FB1FB941C900E187D4 /* SQLite.framework */ = {
			isa = PBXReferenceProxy;
			fileType = wrapper.framework;
			path = SQLite.framework;
			remoteRef = AF2182FA1FB941C900E187D4 /* PBXContainerItemProxy */;
			sourceTree = BUILT_PRODUCTS_DIR;
		};
		AF2182FD1FB941C900E187D4 /* SQLiteTests tvOS.xctest */ = {
			isa = PBXReferenceProxy;
			fileType = wrapper.cfbundle;
			path = "SQLiteTests tvOS.xctest";
			remoteRef = AF2182FC1FB941C900E187D4 /* PBXContainerItemProxy */;
			sourceTree = BUILT_PRODUCTS_DIR;
		};
		AF2182FF1FB941C900E187D4 /* SQLite.framework */ = {
			isa = PBXReferenceProxy;
			fileType = wrapper.framework;
			path = SQLite.framework;
			remoteRef = AF2182FE1FB941C900E187D4 /* PBXContainerItemProxy */;
			sourceTree = BUILT_PRODUCTS_DIR;
		};
		AFCD0A9D1FCA22A40077F883 /* SQLite.framework */ = {
			isa = PBXReferenceProxy;
			fileType = wrapper.framework;
			path = SQLite.framework;
			remoteRef = AFCD0A9C1FCA22A40077F883 /* PBXContainerItemProxy */;
			sourceTree = BUILT_PRODUCTS_DIR;
		};
		AFCD0A9F1FCA22A40077F883 /* SQLiteTests iOS.xctest */ = {
			isa = PBXReferenceProxy;
			fileType = wrapper.cfbundle;
			path = "SQLiteTests iOS.xctest";
			remoteRef = AFCD0A9E1FCA22A40077F883 /* PBXContainerItemProxy */;
			sourceTree = BUILT_PRODUCTS_DIR;
		};
		AFCD0AA11FCA22A40077F883 /* SQLite.framework */ = {
			isa = PBXReferenceProxy;
			fileType = wrapper.framework;
			path = SQLite.framework;
			remoteRef = AFCD0AA01FCA22A40077F883 /* PBXContainerItemProxy */;
			sourceTree = BUILT_PRODUCTS_DIR;
		};
		AFCD0AA31FCA22A40077F883 /* SQLiteTests Mac.xctest */ = {
			isa = PBXReferenceProxy;
			fileType = wrapper.cfbundle;
			path = "SQLiteTests Mac.xctest";
			remoteRef = AFCD0AA21FCA22A40077F883 /* PBXContainerItemProxy */;
			sourceTree = BUILT_PRODUCTS_DIR;
		};
		AFCD0AA51FCA22A40077F883 /* SQLite.framework */ = {
			isa = PBXReferenceProxy;
			fileType = wrapper.framework;
			path = SQLite.framework;
			remoteRef = AFCD0AA41FCA22A40077F883 /* PBXContainerItemProxy */;
			sourceTree = BUILT_PRODUCTS_DIR;
		};
		AFCD0AA71FCA22A40077F883 /* SQLiteTests tvOS.xctest */ = {
			isa = PBXReferenceProxy;
			fileType = wrapper.cfbundle;
			path = "SQLiteTests tvOS.xctest";
			remoteRef = AFCD0AA61FCA22A40077F883 /* PBXContainerItemProxy */;
			sourceTree = BUILT_PRODUCTS_DIR;
		};
		AFCD0AA91FCA22A40077F883 /* SQLite.framework */ = {
			isa = PBXReferenceProxy;
			fileType = wrapper.framework;
			path = SQLite.framework;
			remoteRef = AFCD0AA81FCA22A40077F883 /* PBXContainerItemProxy */;
			sourceTree = BUILT_PRODUCTS_DIR;
		};
/* End PBXReferenceProxy section */

/* Begin PBXResourcesBuildPhase section */
		AF21824B1FB9357E00E187D4 /* Resources */ = {
			isa = PBXResourcesBuildPhase;
			buildActionMask = 2147483647;
			files = (
				AF21825B1FB9357E00E187D4 /* LaunchScreen.storyboard in Resources */,
				AF2182581FB9357E00E187D4 /* Assets.xcassets in Resources */,
				AF2182561FB9357E00E187D4 /* Main.storyboard in Resources */,
			);
			runOnlyForDeploymentPostprocessing = 0;
		};
/* End PBXResourcesBuildPhase section */

/* Begin PBXSourcesBuildPhase section */
		AF2182491FB9357E00E187D4 /* Sources */ = {
			isa = PBXSourcesBuildPhase;
			buildActionMask = 2147483647;
			files = (
				AF885E901FC266FD0045498F /* AppointmentViewController.swift in Sources */,
				AF2182531FB9357E00E187D4 /* ViewController.swift in Sources */,
				AF2182511FB9357E00E187D4 /* AppDelegate.swift in Sources */,
				AF885E8E1FC266EC0045498F /* AppointmentListViewController.swift in Sources */,
				AF885E7E1FC2666F0045498F /* AccountViewController.swift in Sources */,
				AFCD0A7E1FC8EABF0077F883 /* AppTabController.swift in Sources */,
				AF2182811FB9371E00E187D4 /* DataMethods.swift in Sources */,
				AF885E921FC2670F0045498F /* StoreViewController.swift in Sources */,
			);
			runOnlyForDeploymentPostprocessing = 0;
		};
/* End PBXSourcesBuildPhase section */

/* Begin PBXTargetDependency section */
		AFCD0AAD1FCA22CD0077F883 /* PBXTargetDependency */ = {
			isa = PBXTargetDependency;
			name = "SQLite iOS";
			targetProxy = AFCD0AAC1FCA22CD0077F883 /* PBXContainerItemProxy */;
		};
/* End PBXTargetDependency section */

/* Begin PBXVariantGroup section */
		AF2182541FB9357E00E187D4 /* Main.storyboard */ = {
			isa = PBXVariantGroup;
			children = (
				AF2182551FB9357E00E187D4 /* Base */,
			);
			name = Main.storyboard;
			sourceTree = "<group>";
		};
		AF2182591FB9357E00E187D4 /* LaunchScreen.storyboard */ = {
			isa = PBXVariantGroup;
			children = (
				AF21825A1FB9357E00E187D4 /* Base */,
			);
			name = LaunchScreen.storyboard;
			sourceTree = "<group>";
		};
/* End PBXVariantGroup section */

/* Begin XCBuildConfiguration section */
		AF21825D1FB9357E00E187D4 /* Debug */ = {
			isa = XCBuildConfiguration;
			buildSettings = {
				ALWAYS_SEARCH_USER_PATHS = NO;
				CLANG_ANALYZER_NONNULL = YES;
				CLANG_ANALYZER_NUMBER_OBJECT_CONVERSION = YES_AGGRESSIVE;
				CLANG_CXX_LANGUAGE_STANDARD = "gnu++14";
				CLANG_CXX_LIBRARY = "libc++";
				CLANG_ENABLE_MODULES = YES;
				CLANG_ENABLE_OBJC_ARC = YES;
				CLANG_WARN_BLOCK_CAPTURE_AUTORELEASING = YES;
				CLANG_WARN_BOOL_CONVERSION = YES;
				CLANG_WARN_COMMA = YES;
				CLANG_WARN_CONSTANT_CONVERSION = YES;
				CLANG_WARN_DIRECT_OBJC_ISA_USAGE = YES_ERROR;
				CLANG_WARN_DOCUMENTATION_COMMENTS = YES;
				CLANG_WARN_EMPTY_BODY = YES;
				CLANG_WARN_ENUM_CONVERSION = YES;
				CLANG_WARN_INFINITE_RECURSION = YES;
				CLANG_WARN_INT_CONVERSION = YES;
				CLANG_WARN_NON_LITERAL_NULL_CONVERSION = YES;
				CLANG_WARN_OBJC_LITERAL_CONVERSION = YES;
				CLANG_WARN_OBJC_ROOT_CLASS = YES_ERROR;
				CLANG_WARN_RANGE_LOOP_ANALYSIS = YES;
				CLANG_WARN_STRICT_PROTOTYPES = YES;
				CLANG_WARN_SUSPICIOUS_MOVE = YES;
				CLANG_WARN_UNGUARDED_AVAILABILITY = YES_AGGRESSIVE;
				CLANG_WARN_UNREACHABLE_CODE = YES;
				CLANG_WARN__DUPLICATE_METHOD_MATCH = YES;
				CODE_SIGN_IDENTITY = "iPhone Developer";
				COPY_PHASE_STRIP = NO;
				DEBUG_INFORMATION_FORMAT = dwarf;
				ENABLE_STRICT_OBJC_MSGSEND = YES;
				ENABLE_TESTABILITY = YES;
				GCC_C_LANGUAGE_STANDARD = gnu11;
				GCC_DYNAMIC_NO_PIC = NO;
				GCC_NO_COMMON_BLOCKS = YES;
				GCC_OPTIMIZATION_LEVEL = 0;
				GCC_PREPROCESSOR_DEFINITIONS = (
					"DEBUG=1",
					"$(inherited)",
				);
				GCC_WARN_64_TO_32_BIT_CONVERSION = YES;
				GCC_WARN_ABOUT_RETURN_TYPE = YES_ERROR;
				GCC_WARN_UNDECLARED_SELECTOR = YES;
				GCC_WARN_UNINITIALIZED_AUTOS = YES_AGGRESSIVE;
				GCC_WARN_UNUSED_FUNCTION = YES;
				GCC_WARN_UNUSED_VARIABLE = YES;
				IPHONEOS_DEPLOYMENT_TARGET = 11.1;
				MTL_ENABLE_DEBUG_INFO = YES;
				ONLY_ACTIVE_ARCH = YES;
				SDKROOT = iphoneos;
				SWIFT_ACTIVE_COMPILATION_CONDITIONS = DEBUG;
				SWIFT_OPTIMIZATION_LEVEL = "-Onone";
			};
			name = Debug;
		};
		AF21825E1FB9357E00E187D4 /* Release */ = {
			isa = XCBuildConfiguration;
			buildSettings = {
				ALWAYS_SEARCH_USER_PATHS = NO;
				CLANG_ANALYZER_NONNULL = YES;
				CLANG_ANALYZER_NUMBER_OBJECT_CONVERSION = YES_AGGRESSIVE;
				CLANG_CXX_LANGUAGE_STANDARD = "gnu++14";
				CLANG_CXX_LIBRARY = "libc++";
				CLANG_ENABLE_MODULES = YES;
				CLANG_ENABLE_OBJC_ARC = YES;
				CLANG_WARN_BLOCK_CAPTURE_AUTORELEASING = YES;
				CLANG_WARN_BOOL_CONVERSION = YES;
				CLANG_WARN_COMMA = YES;
				CLANG_WARN_CONSTANT_CONVERSION = YES;
				CLANG_WARN_DIRECT_OBJC_ISA_USAGE = YES_ERROR;
				CLANG_WARN_DOCUMENTATION_COMMENTS = YES;
				CLANG_WARN_EMPTY_BODY = YES;
				CLANG_WARN_ENUM_CONVERSION = YES;
				CLANG_WARN_INFINITE_RECURSION = YES;
				CLANG_WARN_INT_CONVERSION = YES;
				CLANG_WARN_NON_LITERAL_NULL_CONVERSION = YES;
				CLANG_WARN_OBJC_LITERAL_CONVERSION = YES;
				CLANG_WARN_OBJC_ROOT_CLASS = YES_ERROR;
				CLANG_WARN_RANGE_LOOP_ANALYSIS = YES;
				CLANG_WARN_STRICT_PROTOTYPES = YES;
				CLANG_WARN_SUSPICIOUS_MOVE = YES;
				CLANG_WARN_UNGUARDED_AVAILABILITY = YES_AGGRESSIVE;
				CLANG_WARN_UNREACHABLE_CODE = YES;
				CLANG_WARN__DUPLICATE_METHOD_MATCH = YES;
				CODE_SIGN_IDENTITY = "iPhone Developer";
				COPY_PHASE_STRIP = NO;
				DEBUG_INFORMATION_FORMAT = "dwarf-with-dsym";
				ENABLE_NS_ASSERTIONS = NO;
				ENABLE_STRICT_OBJC_MSGSEND = YES;
				GCC_C_LANGUAGE_STANDARD = gnu11;
				GCC_NO_COMMON_BLOCKS = YES;
				GCC_WARN_64_TO_32_BIT_CONVERSION = YES;
				GCC_WARN_ABOUT_RETURN_TYPE = YES_ERROR;
				GCC_WARN_UNDECLARED_SELECTOR = YES;
				GCC_WARN_UNINITIALIZED_AUTOS = YES_AGGRESSIVE;
				GCC_WARN_UNUSED_FUNCTION = YES;
				GCC_WARN_UNUSED_VARIABLE = YES;
				IPHONEOS_DEPLOYMENT_TARGET = 11.1;
				MTL_ENABLE_DEBUG_INFO = NO;
				SDKROOT = iphoneos;
				SWIFT_OPTIMIZATION_LEVEL = "-Owholemodule";
				VALIDATE_PRODUCT = YES;
			};
			name = Release;
		};
		AF2182601FB9357E00E187D4 /* Debug */ = {
			isa = XCBuildConfiguration;
			buildSettings = {
				ALWAYS_EMBED_SWIFT_STANDARD_LIBRARIES = YES;
				ASSETCATALOG_COMPILER_APPICON_NAME = AppIcon;
				CODE_SIGN_STYLE = Automatic;
				DEVELOPMENT_TEAM = 29893Q447V;
				INFOPLIST_FILE = CS345AppBackend/Info.plist;
				LD_RUNPATH_SEARCH_PATHS = "$(inherited) @executable_path/Frameworks";
				PRODUCT_BUNDLE_IDENTIFIER = com.anderson.CS345AppBackend;
				PRODUCT_NAME = "$(TARGET_NAME)";
				SWIFT_VERSION = 4.0;
				TARGETED_DEVICE_FAMILY = "1,2";
			};
			name = Debug;
		};
		AF2182611FB9357E00E187D4 /* Release */ = {
			isa = XCBuildConfiguration;
			buildSettings = {
				ALWAYS_EMBED_SWIFT_STANDARD_LIBRARIES = YES;
				ASSETCATALOG_COMPILER_APPICON_NAME = AppIcon;
				CODE_SIGN_STYLE = Automatic;
				DEVELOPMENT_TEAM = 29893Q447V;
				INFOPLIST_FILE = CS345AppBackend/Info.plist;
				LD_RUNPATH_SEARCH_PATHS = "$(inherited) @executable_path/Frameworks";
				PRODUCT_BUNDLE_IDENTIFIER = com.anderson.CS345AppBackend;
				PRODUCT_NAME = "$(TARGET_NAME)";
				SWIFT_VERSION = 4.0;
				TARGETED_DEVICE_FAMILY = "1,2";
			};
			name = Release;
		};
/* End XCBuildConfiguration section */

/* Begin XCConfigurationList section */
		AF2182481FB9357E00E187D4 /* Build configuration list for PBXProject "CS345AppBackend" */ = {
			isa = XCConfigurationList;
			buildConfigurations = (
				AF21825D1FB9357E00E187D4 /* Debug */,
				AF21825E1FB9357E00E187D4 /* Release */,
			);
			defaultConfigurationIsVisible = 0;
			defaultConfigurationName = Release;
		};
		AF21825F1FB9357E00E187D4 /* Build configuration list for PBXNativeTarget "CS345AppBackend" */ = {
			isa = XCConfigurationList;
			buildConfigurations = (
				AF2182601FB9357E00E187D4 /* Debug */,
				AF2182611FB9357E00E187D4 /* Release */,
			);
			defaultConfigurationIsVisible = 0;
			defaultConfigurationName = Release;
		};
/* End XCConfigurationList section */
	};
	rootObject = AF2182451FB9357E00E187D4 /* Project object */;
}
