// !$*UTF8*$!
{
	archiveVersion = 1;
	classes = {
	};
	objectVersion = 48;
	objects = {

/* Begin PBXBuildFile section */
		AF16BF0B1FD31F2500AC7998 /* EngineViewController.swift in Sources */ = {isa = PBXBuildFile; fileRef = AF16BEF91FD31F2500AC7998 /* EngineViewController.swift */; };
		AF16BF0C1FD31F2500AC7998 /* LightViewController.swift in Sources */ = {isa = PBXBuildFile; fileRef = AF16BF071FD31F2500AC7998 /* LightViewController.swift */; };
		AF16BF0D1FD31F2500AC7998 /* SuspensionViewController.swift in Sources */ = {isa = PBXBuildFile; fileRef = AF16BF081FD31F2500AC7998 /* SuspensionViewController.swift */; };
		AF16BF0E1FD31F2500AC7998 /* DriveViewController.swift in Sources */ = {isa = PBXBuildFile; fileRef = AF16BF091FD31F2500AC7998 /* DriveViewController.swift */; };
		AF16BF0F1FD31F2500AC7998 /* GeneralViewController.swift in Sources */ = {isa = PBXBuildFile; fileRef = AF16BF0A1FD31F2500AC7998 /* GeneralViewController.swift */; };
		AF2182511FB9357E00E187D4 /* AppDelegate.swift in Sources */ = {isa = PBXBuildFile; fileRef = AF2182501FB9357E00E187D4 /* AppDelegate.swift */; };
		AF2182531FB9357E00E187D4 /* ViewController.swift in Sources */ = {isa = PBXBuildFile; fileRef = AF2182521FB9357E00E187D4 /* ViewController.swift */; };
		AF2182561FB9357E00E187D4 /* Main.storyboard in Resources */ = {isa = PBXBuildFile; fileRef = AF2182541FB9357E00E187D4 /* Main.storyboard */; };
		AF2182581FB9357E00E187D4 /* Assets.xcassets in Resources */ = {isa = PBXBuildFile; fileRef = AF2182571FB9357E00E187D4 /* Assets.xcassets */; };
		AF21825B1FB9357E00E187D4 /* LaunchScreen.storyboard in Resources */ = {isa = PBXBuildFile; fileRef = AF2182591FB9357E00E187D4 /* LaunchScreen.storyboard */; };
		AF2182811FB9371E00E187D4 /* DataMethods.swift in Sources */ = {isa = PBXBuildFile; fileRef = AF2182801FB9371E00E187D4 /* DataMethods.swift */; };
		AF450FD11FD3372A00F59CBB /* CreateAppointmentViewController.swift in Sources */ = {isa = PBXBuildFile; fileRef = AF450FD01FD3372A00F59CBB /* CreateAppointmentViewController.swift */; };
		AF885E7E1FC2666F0045498F /* AccountViewController.swift in Sources */ = {isa = PBXBuildFile; fileRef = AF885E7D1FC2666E0045498F /* AccountViewController.swift */; };
		AF885E8E1FC266EC0045498F /* AppointmentListViewController.swift in Sources */ = {isa = PBXBuildFile; fileRef = AF885E8D1FC266EC0045498F /* AppointmentListViewController.swift */; };
		AF885E901FC266FD0045498F /* AppointmentViewController.swift in Sources */ = {isa = PBXBuildFile; fileRef = AF885E8F1FC266FD0045498F /* AppointmentViewController.swift */; };
		AF885E921FC2670F0045498F /* StoreViewController.swift in Sources */ = {isa = PBXBuildFile; fileRef = AF885E911FC2670F0045498F /* StoreViewController.swift */; };
		AF97BB931FDC81A1008F9B4F /* SQLite.framework in Frameworks */ = {isa = PBXBuildFile; fileRef = AF97BB941FDC81A1008F9B4F /* SQLite.framework */; };
		AF97BB951FDC81A9008F9B4F /* SQLite.framework in Frameworks */ = {isa = PBXBuildFile; fileRef = AF97BB941FDC81A1008F9B4F /* SQLite.framework */; };
		AF97BB961FDC81A9008F9B4F /* SQLite.framework in Embed Frameworks */ = {isa = PBXBuildFile; fileRef = AF97BB941FDC81A1008F9B4F /* SQLite.framework */; settings = {ATTRIBUTES = (CodeSignOnCopy, RemoveHeadersOnCopy, ); }; };
		AFA608ED1FCB90C100A122D8 /* MainScreenViewController.swift in Sources */ = {isa = PBXBuildFile; fileRef = AFA608EC1FCB90C100A122D8 /* MainScreenViewController.swift */; };
		AFCD0A7E1FC8EABF0077F883 /* AppTabController.swift in Sources */ = {isa = PBXBuildFile; fileRef = AFCD0A7D1FC8EABF0077F883 /* AppTabController.swift */; };
/* End PBXBuildFile section */

/* Begin PBXCopyFilesBuildPhase section */
		AFCD0A911FCA22130077F883 /* Embed Frameworks */ = {
			isa = PBXCopyFilesBuildPhase;
			buildActionMask = 2147483647;
			dstPath = "";
			dstSubfolderSpec = 10;
			files = (
				AF97BB961FDC81A9008F9B4F /* SQLite.framework in Embed Frameworks */,
			);
			name = "Embed Frameworks";
			runOnlyForDeploymentPostprocessing = 0;
		};
/* End PBXCopyFilesBuildPhase section */

/* Begin PBXFileReference section */
		AF16BEF91FD31F2500AC7998 /* EngineViewController.swift */ = {isa = PBXFileReference; fileEncoding = 4; lastKnownFileType = sourcecode.swift; path = EngineViewController.swift; sourceTree = "<group>"; };
		AF16BF071FD31F2500AC7998 /* LightViewController.swift */ = {isa = PBXFileReference; fileEncoding = 4; lastKnownFileType = sourcecode.swift; path = LightViewController.swift; sourceTree = "<group>"; };
		AF16BF081FD31F2500AC7998 /* SuspensionViewController.swift */ = {isa = PBXFileReference; fileEncoding = 4; lastKnownFileType = sourcecode.swift; path = SuspensionViewController.swift; sourceTree = "<group>"; };
		AF16BF091FD31F2500AC7998 /* DriveViewController.swift */ = {isa = PBXFileReference; fileEncoding = 4; lastKnownFileType = sourcecode.swift; path = DriveViewController.swift; sourceTree = "<group>"; };
		AF16BF0A1FD31F2500AC7998 /* GeneralViewController.swift */ = {isa = PBXFileReference; fileEncoding = 4; lastKnownFileType = sourcecode.swift; path = GeneralViewController.swift; sourceTree = "<group>"; };
		AF21824D1FB9357E00E187D4 /* CS345AppBackend.app */ = {isa = PBXFileReference; explicitFileType = wrapper.application; includeInIndex = 0; path = CS345AppBackend.app; sourceTree = BUILT_PRODUCTS_DIR; };
		AF2182501FB9357E00E187D4 /* AppDelegate.swift */ = {isa = PBXFileReference; lastKnownFileType = sourcecode.swift; path = AppDelegate.swift; sourceTree = "<group>"; };
		AF2182521FB9357E00E187D4 /* ViewController.swift */ = {isa = PBXFileReference; lastKnownFileType = sourcecode.swift; path = ViewController.swift; sourceTree = "<group>"; };
		AF2182551FB9357E00E187D4 /* Base */ = {isa = PBXFileReference; lastKnownFileType = file.storyboard; name = Base; path = Base.lproj/Main.storyboard; sourceTree = "<group>"; };
		AF2182571FB9357E00E187D4 /* Assets.xcassets */ = {isa = PBXFileReference; lastKnownFileType = folder.assetcatalog; path = Assets.xcassets; sourceTree = "<group>"; };
		AF21825A1FB9357E00E187D4 /* Base */ = {isa = PBXFileReference; lastKnownFileType = file.storyboard; name = Base; path = Base.lproj/LaunchScreen.storyboard; sourceTree = "<group>"; };
		AF21825C1FB9357E00E187D4 /* Info.plist */ = {isa = PBXFileReference; lastKnownFileType = text.plist.xml; path = Info.plist; sourceTree = "<group>"; };
		AF2182801FB9371E00E187D4 /* DataMethods.swift */ = {isa = PBXFileReference; lastKnownFileType = sourcecode.swift; path = DataMethods.swift; sourceTree = "<group>"; };
		AF450FD01FD3372A00F59CBB /* CreateAppointmentViewController.swift */ = {isa = PBXFileReference; lastKnownFileType = sourcecode.swift; path = CreateAppointmentViewController.swift; sourceTree = "<group>"; };
		AF885E7D1FC2666E0045498F /* AccountViewController.swift */ = {isa = PBXFileReference; lastKnownFileType = sourcecode.swift; path = AccountViewController.swift; sourceTree = "<group>"; };
		AF885E8D1FC266EC0045498F /* AppointmentListViewController.swift */ = {isa = PBXFileReference; lastKnownFileType = sourcecode.swift; path = AppointmentListViewController.swift; sourceTree = "<group>"; };
		AF885E8F1FC266FD0045498F /* AppointmentViewController.swift */ = {isa = PBXFileReference; lastKnownFileType = sourcecode.swift; path = AppointmentViewController.swift; sourceTree = "<group>"; };
		AF885E911FC2670F0045498F /* StoreViewController.swift */ = {isa = PBXFileReference; lastKnownFileType = sourcecode.swift; path = StoreViewController.swift; sourceTree = "<group>"; };
		AF97BB941FDC81A1008F9B4F /* SQLite.framework */ = {isa = PBXFileReference; explicitFileType = wrapper.framework; path = SQLite.framework; sourceTree = BUILT_PRODUCTS_DIR; };
		AFA608EC1FCB90C100A122D8 /* MainScreenViewController.swift */ = {isa = PBXFileReference; lastKnownFileType = sourcecode.swift; path = MainScreenViewController.swift; sourceTree = "<group>"; };
		AFCD0A7D1FC8EABF0077F883 /* AppTabController.swift */ = {isa = PBXFileReference; lastKnownFileType = sourcecode.swift; path = AppTabController.swift; sourceTree = "<group>"; };
/* End PBXFileReference section */

/* Begin PBXFrameworksBuildPhase section */
		AF21824A1FB9357E00E187D4 /* Frameworks */ = {
			isa = PBXFrameworksBuildPhase;
			buildActionMask = 2147483647;
			files = (
				AF97BB951FDC81A9008F9B4F /* SQLite.framework in Frameworks */,
				AF97BB931FDC81A1008F9B4F /* SQLite.framework in Frameworks */,
			);
			runOnlyForDeploymentPostprocessing = 0;
		};
/* End PBXFrameworksBuildPhase section */

/* Begin PBXGroup section */
		AF2182441FB9357E00E187D4 = {
			isa = PBXGroup;
			children = (
				AF21824F1FB9357E00E187D4 /* CS345AppBackend */,
				AF21824E1FB9357E00E187D4 /* Products */,
				AF2183001FB941D800E187D4 /* Frameworks */,
			);
			sourceTree = "<group>";
		};
		AF21824E1FB9357E00E187D4 /* Products */ = {
			isa = PBXGroup;
			children = (
				AF21824D1FB9357E00E187D4 /* CS345AppBackend.app */,
			);
			name = Products;
			sourceTree = "<group>";
		};
		AF21824F1FB9357E00E187D4 /* CS345AppBackend */ = {
			isa = PBXGroup;
			children = (
				AF16BF091FD31F2500AC7998 /* DriveViewController.swift */,
				AF16BEF91FD31F2500AC7998 /* EngineViewController.swift */,
				AF16BF0A1FD31F2500AC7998 /* GeneralViewController.swift */,
				AF16BF071FD31F2500AC7998 /* LightViewController.swift */,
				AF16BF081FD31F2500AC7998 /* SuspensionViewController.swift */,
				AF2182501FB9357E00E187D4 /* AppDelegate.swift */,
				AF2182521FB9357E00E187D4 /* ViewController.swift */,
				AF2182541FB9357E00E187D4 /* Main.storyboard */,
				AF2182571FB9357E00E187D4 /* Assets.xcassets */,
				AF2182591FB9357E00E187D4 /* LaunchScreen.storyboard */,
				AF21825C1FB9357E00E187D4 /* Info.plist */,
				AF2182801FB9371E00E187D4 /* DataMethods.swift */,
				AF885E7D1FC2666E0045498F /* AccountViewController.swift */,
				AF885E8D1FC266EC0045498F /* AppointmentListViewController.swift */,
				AF885E8F1FC266FD0045498F /* AppointmentViewController.swift */,
				AF885E911FC2670F0045498F /* StoreViewController.swift */,
				AFCD0A7D1FC8EABF0077F883 /* AppTabController.swift */,
				AFA608EC1FCB90C100A122D8 /* MainScreenViewController.swift */,
				AF450FD01FD3372A00F59CBB /* CreateAppointmentViewController.swift */,
			);
			path = CS345AppBackend;
			sourceTree = "<group>";
		};
		AF2183001FB941D800E187D4 /* Frameworks */ = {
			isa = PBXGroup;
			children = (
				AF97BB941FDC81A1008F9B4F /* SQLite.framework */,
			);
			name = Frameworks;
			sourceTree = "<group>";
		};
/* End PBXGroup section */

/* Begin PBXNativeTarget section */
		AF21824C1FB9357E00E187D4 /* CS345AppBackend */ = {
			isa = PBXNativeTarget;
			buildConfigurationList = AF21825F1FB9357E00E187D4 /* Build configuration list for PBXNativeTarget "CS345AppBackend" */;
			buildPhases = (
				AF2182491FB9357E00E187D4 /* Sources */,
				AF21824A1FB9357E00E187D4 /* Frameworks */,
				AF21824B1FB9357E00E187D4 /* Resources */,
				AFCD0A911FCA22130077F883 /* Embed Frameworks */,
			);
			buildRules = (
			);
			dependencies = (
			);
			name = CS345AppBackend;
			productName = CS345AppBackend;
			productReference = AF21824D1FB9357E00E187D4 /* CS345AppBackend.app */;
			productType = "com.apple.product-type.application";
		};
/* End PBXNativeTarget section */

/* Begin PBXProject section */
		AF2182451FB9357E00E187D4 /* Project object */ = {
			isa = PBXProject;
			attributes = {
				LastSwiftUpdateCheck = 0910;
				LastUpgradeCheck = 0910;
				ORGANIZATIONNAME = "Anderson, Nathan R";
				TargetAttributes = {
					AF21824C1FB9357E00E187D4 = {
						CreatedOnToolsVersion = 9.1;
						ProvisioningStyle = Automatic;
					};
				};
			};
			buildConfigurationList = AF2182481FB9357E00E187D4 /* Build configuration list for PBXProject "CS345AppBackend" */;
			compatibilityVersion = "Xcode 8.0";
			developmentRegion = en;
			hasScannedForEncodings = 0;
			knownRegions = (
				en,
				Base,
			);
			mainGroup = AF2182441FB9357E00E187D4;
			productRefGroup = AF21824E1FB9357E00E187D4 /* Products */;
			projectDirPath = "";
			projectRoot = "";
			targets = (
				AF21824C1FB9357E00E187D4 /* CS345AppBackend */,
			);
		};
/* End PBXProject section */

/* Begin PBXResourcesBuildPhase section */
		AF21824B1FB9357E00E187D4 /* Resources */ = {
			isa = PBXResourcesBuildPhase;
			buildActionMask = 2147483647;
			files = (
				AF21825B1FB9357E00E187D4 /* LaunchScreen.storyboard in Resources */,
				AF2182581FB9357E00E187D4 /* Assets.xcassets in Resources */,
				AF2182561FB9357E00E187D4 /* Main.storyboard in Resources */,
			);
			runOnlyForDeploymentPostprocessing = 0;
		};
/* End PBXResourcesBuildPhase section */

/* Begin PBXSourcesBuildPhase section */
		AF2182491FB9357E00E187D4 /* Sources */ = {
			isa = PBXSourcesBuildPhase;
			buildActionMask = 2147483647;
			files = (
				AF16BF0E1FD31F2500AC7998 /* DriveViewController.swift in Sources */,
				AF16BF0F1FD31F2500AC7998 /* GeneralViewController.swift in Sources */,
				AF885E901FC266FD0045498F /* AppointmentViewController.swift in Sources */,
				AF2182531FB9357E00E187D4 /* ViewController.swift in Sources */,
				AF2182511FB9357E00E187D4 /* AppDelegate.swift in Sources */,
				AF885E8E1FC266EC0045498F /* AppointmentListViewController.swift in Sources */,
				AF16BF0B1FD31F2500AC7998 /* EngineViewController.swift in Sources */,
				AF885E7E1FC2666F0045498F /* AccountViewController.swift in Sources */,
				AFCD0A7E1FC8EABF0077F883 /* AppTabController.swift in Sources */,
				AF16BF0D1FD31F2500AC7998 /* SuspensionViewController.swift in Sources */,
				AF2182811FB9371E00E187D4 /* DataMethods.swift in Sources */,
				AF885E921FC2670F0045498F /* StoreViewController.swift in Sources */,
				AF16BF0C1FD31F2500AC7998 /* LightViewController.swift in Sources */,
				AFA608ED1FCB90C100A122D8 /* MainScreenViewController.swift in Sources */,
				AF450FD11FD3372A00F59CBB /* CreateAppointmentViewController.swift in Sources */,
			);
			runOnlyForDeploymentPostprocessing = 0;
		};
/* End PBXSourcesBuildPhase section */

/* Begin PBXVariantGroup section */
		AF2182541FB9357E00E187D4 /* Main.storyboard */ = {
			isa = PBXVariantGroup;
			children = (
				AF2182551FB9357E00E187D4 /* Base */,
			);
			name = Main.storyboard;
			sourceTree = "<group>";
		};
		AF2182591FB9357E00E187D4 /* LaunchScreen.storyboard */ = {
			isa = PBXVariantGroup;
			children = (
				AF21825A1FB9357E00E187D4 /* Base */,
			);
			name = LaunchScreen.storyboard;
			sourceTree = "<group>";
		};
/* End PBXVariantGroup section */

/* Begin XCBuildConfiguration section */
		AF21825D1FB9357E00E187D4 /* Debug */ = {
			isa = XCBuildConfiguration;
			buildSettings = {
				ALWAYS_SEARCH_USER_PATHS = NO;
				CLANG_ANALYZER_NONNULL = YES;
				CLANG_ANALYZER_NUMBER_OBJECT_CONVERSION = YES_AGGRESSIVE;
				CLANG_CXX_LANGUAGE_STANDARD = "gnu++14";
				CLANG_CXX_LIBRARY = "libc++";
				CLANG_ENABLE_MODULES = YES;
				CLANG_ENABLE_OBJC_ARC = YES;
				CLANG_WARN_BLOCK_CAPTURE_AUTORELEASING = YES;
				CLANG_WARN_BOOL_CONVERSION = YES;
				CLANG_WARN_COMMA = YES;
				CLANG_WARN_CONSTANT_CONVERSION = YES;
				CLANG_WARN_DIRECT_OBJC_ISA_USAGE = YES_ERROR;
				CLANG_WARN_DOCUMENTATION_COMMENTS = YES;
				CLANG_WARN_EMPTY_BODY = YES;
				CLANG_WARN_ENUM_CONVERSION = YES;
				CLANG_WARN_INFINITE_RECURSION = YES;
				CLANG_WARN_INT_CONVERSION = YES;
				CLANG_WARN_NON_LITERAL_NULL_CONVERSION = YES;
				CLANG_WARN_OBJC_LITERAL_CONVERSION = YES;
				CLANG_WARN_OBJC_ROOT_CLASS = YES_ERROR;
				CLANG_WARN_RANGE_LOOP_ANALYSIS = YES;
				CLANG_WARN_STRICT_PROTOTYPES = YES;
				CLANG_WARN_SUSPICIOUS_MOVE = YES;
				CLANG_WARN_UNGUARDED_AVAILABILITY = YES_AGGRESSIVE;
				CLANG_WARN_UNREACHABLE_CODE = YES;
				CLANG_WARN__DUPLICATE_METHOD_MATCH = YES;
				CODE_SIGN_IDENTITY = "iPhone Developer";
				COPY_PHASE_STRIP = NO;
				DEBUG_INFORMATION_FORMAT = dwarf;
				ENABLE_STRICT_OBJC_MSGSEND = YES;
				ENABLE_TESTABILITY = YES;
				GCC_C_LANGUAGE_STANDARD = gnu11;
				GCC_DYNAMIC_NO_PIC = NO;
				GCC_NO_COMMON_BLOCKS = YES;
				GCC_OPTIMIZATION_LEVEL = 0;
				GCC_PREPROCESSOR_DEFINITIONS = (
					"DEBUG=1",
					"$(inherited)",
				);
				GCC_WARN_64_TO_32_BIT_CONVERSION = YES;
				GCC_WARN_ABOUT_RETURN_TYPE = YES_ERROR;
				GCC_WARN_UNDECLARED_SELECTOR = YES;
				GCC_WARN_UNINITIALIZED_AUTOS = YES_AGGRESSIVE;
				GCC_WARN_UNUSED_FUNCTION = YES;
				GCC_WARN_UNUSED_VARIABLE = YES;
				IPHONEOS_DEPLOYMENT_TARGET = 11.1;
				MTL_ENABLE_DEBUG_INFO = YES;
				ONLY_ACTIVE_ARCH = YES;
				SDKROOT = iphoneos;
				SWIFT_ACTIVE_COMPILATION_CONDITIONS = DEBUG;
				SWIFT_OPTIMIZATION_LEVEL = "-Onone";
			};
			name = Debug;
		};
		AF21825E1FB9357E00E187D4 /* Release */ = {
			isa = XCBuildConfiguration;
			buildSettings = {
				ALWAYS_SEARCH_USER_PATHS = NO;
				CLANG_ANALYZER_NONNULL = YES;
				CLANG_ANALYZER_NUMBER_OBJECT_CONVERSION = YES_AGGRESSIVE;
				CLANG_CXX_LANGUAGE_STANDARD = "gnu++14";
				CLANG_CXX_LIBRARY = "libc++";
				CLANG_ENABLE_MODULES = YES;
				CLANG_ENABLE_OBJC_ARC = YES;
				CLANG_WARN_BLOCK_CAPTURE_AUTORELEASING = YES;
				CLANG_WARN_BOOL_CONVERSION = YES;
				CLANG_WARN_COMMA = YES;
				CLANG_WARN_CONSTANT_CONVERSION = YES;
				CLANG_WARN_DIRECT_OBJC_ISA_USAGE = YES_ERROR;
				CLANG_WARN_DOCUMENTATION_COMMENTS = YES;
				CLANG_WARN_EMPTY_BODY = YES;
				CLANG_WARN_ENUM_CONVERSION = YES;
				CLANG_WARN_INFINITE_RECURSION = YES;
				CLANG_WARN_INT_CONVERSION = YES;
				CLANG_WARN_NON_LITERAL_NULL_CONVERSION = YES;
				CLANG_WARN_OBJC_LITERAL_CONVERSION = YES;
				CLANG_WARN_OBJC_ROOT_CLASS = YES_ERROR;
				CLANG_WARN_RANGE_LOOP_ANALYSIS = YES;
				CLANG_WARN_STRICT_PROTOTYPES = YES;
				CLANG_WARN_SUSPICIOUS_MOVE = YES;
				CLANG_WARN_UNGUARDED_AVAILABILITY = YES_AGGRESSIVE;
				CLANG_WARN_UNREACHABLE_CODE = YES;
				CLANG_WARN__DUPLICATE_METHOD_MATCH = YES;
				CODE_SIGN_IDENTITY = "iPhone Developer";
				COPY_PHASE_STRIP = NO;
				DEBUG_INFORMATION_FORMAT = "dwarf-with-dsym";
				ENABLE_NS_ASSERTIONS = NO;
				ENABLE_STRICT_OBJC_MSGSEND = YES;
				GCC_C_LANGUAGE_STANDARD = gnu11;
				GCC_NO_COMMON_BLOCKS = YES;
				GCC_WARN_64_TO_32_BIT_CONVERSION = YES;
				GCC_WARN_ABOUT_RETURN_TYPE = YES_ERROR;
				GCC_WARN_UNDECLARED_SELECTOR = YES;
				GCC_WARN_UNINITIALIZED_AUTOS = YES_AGGRESSIVE;
				GCC_WARN_UNUSED_FUNCTION = YES;
				GCC_WARN_UNUSED_VARIABLE = YES;
				IPHONEOS_DEPLOYMENT_TARGET = 11.1;
				MTL_ENABLE_DEBUG_INFO = NO;
				SDKROOT = iphoneos;
				SWIFT_OPTIMIZATION_LEVEL = "-Owholemodule";
				VALIDATE_PRODUCT = YES;
			};
			name = Release;
		};
		AF2182601FB9357E00E187D4 /* Debug */ = {
			isa = XCBuildConfiguration;
			buildSettings = {
				ALWAYS_EMBED_SWIFT_STANDARD_LIBRARIES = YES;
				ASSETCATALOG_COMPILER_APPICON_NAME = AppIcon;
				CODE_SIGN_STYLE = Automatic;
				DEVELOPMENT_TEAM = 29893Q447V;
				INFOPLIST_FILE = CS345AppBackend/Info.plist;
				LD_RUNPATH_SEARCH_PATHS = "$(inherited) @executable_path/Frameworks";
				PRODUCT_BUNDLE_IDENTIFIER = com.anderson.CS345AppBackend;
				PRODUCT_NAME = "$(TARGET_NAME)";
				SWIFT_VERSION = 4.0;
				TARGETED_DEVICE_FAMILY = "1,2";
			};
			name = Debug;
		};
		AF2182611FB9357E00E187D4 /* Release */ = {
			isa = XCBuildConfiguration;
			buildSettings = {
				ALWAYS_EMBED_SWIFT_STANDARD_LIBRARIES = YES;
				ASSETCATALOG_COMPILER_APPICON_NAME = AppIcon;
				CODE_SIGN_STYLE = Automatic;
				DEVELOPMENT_TEAM = 29893Q447V;
				INFOPLIST_FILE = CS345AppBackend/Info.plist;
				LD_RUNPATH_SEARCH_PATHS = "$(inherited) @executable_path/Frameworks";
				PRODUCT_BUNDLE_IDENTIFIER = com.anderson.CS345AppBackend;
				PRODUCT_NAME = "$(TARGET_NAME)";
				SWIFT_VERSION = 4.0;
				TARGETED_DEVICE_FAMILY = "1,2";
			};
			name = Release;
		};
/* End XCBuildConfiguration section */

/* Begin XCConfigurationList section */
		AF2182481FB9357E00E187D4 /* Build configuration list for PBXProject "CS345AppBackend" */ = {
			isa = XCConfigurationList;
			buildConfigurations = (
				AF21825D1FB9357E00E187D4 /* Debug */,
				AF21825E1FB9357E00E187D4 /* Release */,
			);
			defaultConfigurationIsVisible = 0;
			defaultConfigurationName = Release;
		};
		AF21825F1FB9357E00E187D4 /* Build configuration list for PBXNativeTarget "CS345AppBackend" */ = {
			isa = XCConfigurationList;
			buildConfigurations = (
				AF2182601FB9357E00E187D4 /* Debug */,
				AF2182611FB9357E00E187D4 /* Release */,
			);
			defaultConfigurationIsVisible = 0;
			defaultConfigurationName = Release;
		};
/* End XCConfigurationList section */
	};
	rootObject = AF2182451FB9357E00E187D4 /* Project object */;
}
